# THIS IS AN AUTOGENERATED FILE. DO NOT EDIT THIS FILE DIRECTLY.
# yarn lockfile v1


vue-head@^2.2.0:
  version "2.2.0"
  resolved "https://registry.yarnpkg.com/vue-head/-/vue-head-2.2.0.tgz#9e3a141d5a011599a3f6d7adb42a65c428cf73e1"
  integrity sha512-Oss1gakOSPQ4e/XZ0yM7yolnhSDvfDYZbM6CDD3xkCpAyPfTR+Bv3tabgtKE41gHr5GzC/NJh1EwQSu7o05XRw==
